
Microsoft Visual Studio Solution File, Format Version 12.00
# Visual Studio 2012
Project("{FAE04EC0-301F-11D3-BF4B-00C04F79EFBC}") = "FibonacciPro", "FibonacciPro\FibonacciPro.csproj", "{D022D5F8-322D-4A16-8DB8-6303292015CC}"
EndProject
Project("{2150E333-8FDC-42A3-9474-1A3956D46DE8}") = ".nuget", ".nuget", "{75FB4C84-7374-480F-ABA0-9A78363A28AD}"
	ProjectSection(SolutionItems) = preProject
		.nuget\packages.config = .nuget\packages.config
	EndProjectSection
EndProject
Project("{FAE04EC0-301F-11D3-BF4B-00C04F79EFBC}") = "FibonacciCalculator", "FibonacciCalculator\FibonacciCalculator.csproj", "{D7A4403F-503E-49B3-9B76-FA897141E6AD}"
EndProject
Global
	GlobalSection(SolutionConfigurationPlatforms) = preSolution
		Debug|Any CPU = Debug|Any CPU
		Release|Any CPU = Release|Any CPU
	EndGlobalSection
	GlobalSection(ProjectConfigurationPlatforms) = postSolution
		{D022D5F8-322D-4A16-8DB8-6303292015CC}.Debug|Any CPU.ActiveCfg = Debug|Any CPU
		{D022D5F8-322D-4A16-8DB8-6303292015CC}.Debug|Any CPU.Build.0 = Debug|Any CPU
		{D022D5F8-322D-4A16-8DB8-6303292015CC}.Release|Any CPU.ActiveCfg = Release|Any CPU
		{D022D5F8-322D-4A16-8DB8-6303292015CC}.Release|Any CPU.Build.0 = Release|Any CPU
		{D7A4403F-503E-49B3-9B76-FA897141E6AD}.Debug|Any CPU.ActiveCfg = Debug|Any CPU
		{D7A4403F-503E-49B3-9B76-FA897141E6AD}.Debug|Any CPU.Build.0 = Debug|Any CPU
		{D7A4403F-503E-49B3-9B76-FA897141E6AD}.Release|Any CPU.ActiveCfg = Release|Any CPU
		{D7A4403F-503E-49B3-9B76-FA897141E6AD}.Release|Any CPU.Build.0 = Release|Any CPU
	EndGlobalSection
	GlobalSection(SolutionProperties) = preSolution
		HideSolutionNode = FALSE
	EndGlobalSection
EndGlobal
